<?xml version="1.0" encoding="utf-8"?>
<Project ToolsVersion="4.0" xmlns="http://schemas.microsoft.com/developer/msbuild/2003">
  <ItemGroup>
    <Filter Include="Source Files">
      <UniqueIdentifier>{4FC737F1-C7A5-4376-A066-2A32D752A2FF}</UniqueIdentifier>
      <Extensions>cpp;c;cc;cxx;c++;cppm;ixx;def;odl;idl;hpj;bat;asm;asmx</Extensions>
    </Filter>
    <Filter Include="Header Files">
      <UniqueIdentifier>{93995380-89BD-4b04-88EB-625FBE52EBFB}</UniqueIdentifier>
      <Extensions>h;hh;hpp;hxx;h++;hm;inl;inc;ipp;xsd</Extensions>
    </Filter>
    <Filter Include="Resource Files">
      <UniqueIdentifier>{67DA6AB6-F800-4c08-8B7A-83BB121AAD01}</UniqueIdentifier>
      <Extensions>rc;ico;cur;bmp;dlg;rc2;rct;bin;rgs;gif;jpg;jpeg;jpe;resx;tiff;tif;png;wav;mfcribbon-ms</Extensions>
    </Filter>
    <Filter Include="Header Files\Core">
      <UniqueIdentifier>{4637fab1-b3b1-465e-ac51-ab34a93a87b2}</UniqueIdentifier>
    </Filter>
    <Filter Include="Header Files\Database">
      <UniqueIdentifier>{734b51f8-6b7e-457c-b599-a3f1dc12cd2e}</UniqueIdentifier>
    </Filter>
    <Filter Include="Header Files\Game">
      <UniqueIdentifier>{2e7c0517-043c-4531-b5af-314e00db6401}</UniqueIdentifier>
    </Filter>
    <Filter Include="Header Files\Platform">
      <UniqueIdentifier>{6ea5a032-d019-4a58-a081-8e357385b361}</UniqueIdentifier>
    </Filter>
    <Filter Include="Header Files\Protocol_Networking">
      <UniqueIdentifier>{3b087427-c446-403d-b130-95187602144b}</UniqueIdentifier>
    </Filter>
    <Filter Include="Header Files\Server">
      <UniqueIdentifier>{85c63f8e-cc53-4d23-a79e-6f50fe31433b}</UniqueIdentifier>
    </Filter>
    <Filter Include="Header Files\Tools">
      <UniqueIdentifier>{1ef89321-daf8-45c4-be1b-4fdf1cb3b7c9}</UniqueIdentifier>
    </Filter>
    <Filter Include="Source Files\Core">
      <UniqueIdentifier>{45dc943a-f93c-4f00-b315-cfe53104d963}</UniqueIdentifier>
    </Filter>
    <Filter Include="Source Files\Database">
      <UniqueIdentifier>{0c91f24d-6be3-4ebb-9665-05ccbe4cba32}</UniqueIdentifier>
    </Filter>
    <Filter Include="Source Files\Game">
      <UniqueIdentifier>{4f848cbb-b0a4-4b81-b599-91080deb6988}</UniqueIdentifier>
    </Filter>
    <Filter Include="Source Files\Platform">
      <UniqueIdentifier>{5611d4d1-d1b9-409a-aeaf-b83d580c7301}</UniqueIdentifier>
    </Filter>
    <Filter Include="Source Files\Protocol_Networking">
      <UniqueIdentifier>{b199cdbc-2eed-4e4e-8cd0-ba83b8e44545}</UniqueIdentifier>
    </Filter>
    <Filter Include="Source Files\Server">
      <UniqueIdentifier>{8ed6dcf9-6892-412c-bd6f-2886bc3ce242}</UniqueIdentifier>
    </Filter>
    <Filter Include="Source Files\Tools">
      <UniqueIdentifier>{e8750342-2a6f-4ec8-b4a0-b780b8c8dda8}</UniqueIdentifier>
    </Filter>
    <Filter Include="Header Files\Platform\Linux">
      <UniqueIdentifier>{b6c1aa16-8a71-46e6-bf78-d9f3942f079d}</UniqueIdentifier>
    </Filter>
    <Filter Include="Header Files\Platform\Windows">
      <UniqueIdentifier>{01f0fdbd-958c-4ee5-86f7-a70b94425fee}</UniqueIdentifier>
    </Filter>
    <Filter Include="Header Files\Platform\Windows\win_stubs">
      <UniqueIdentifier>{0d028514-62af-4f68-ac32-ba6b2dc8069b}</UniqueIdentifier>
    </Filter>
    <Filter Include="Header Files\Platform\Windows\Underlight_Server_proj_files">
      <UniqueIdentifier>{2d0d98c7-18e1-422c-98a8-201b72b67b4e}</UniqueIdentifier>
    </Filter>
    <Filter Include="Header Files\Protocol_Networking\GMsg">
      <UniqueIdentifier>{6cd38e0e-9152-44cf-868d-a1ac51b07af6}</UniqueIdentifier>
    </Filter>
    <Filter Include="Header Files\Protocol_Networking\RMsg">
      <UniqueIdentifier>{9b60f8da-fdad-499b-9724-f3d4fd809c1b}</UniqueIdentifier>
    </Filter>
    <Filter Include="Header Files\Protocol_Networking\SMsg">
      <UniqueIdentifier>{48cfa07c-282c-44f4-abbc-0c2d01f724d0}</UniqueIdentifier>
    </Filter>
    <Filter Include="Header Files\Server\Gamed">
      <UniqueIdentifier>{31cb46c9-00d4-4e0e-ab13-c7f1d5f4f0a6}</UniqueIdentifier>
    </Filter>
    <Filter Include="Header Files\Server\Masterd">
      <UniqueIdentifier>{1e9a8ad5-1d16-4a32-bfd3-d1cad3295e66}</UniqueIdentifier>
    </Filter>
    <Filter Include="Source Files\Platform\Linux">
      <UniqueIdentifier>{81a752e7-4bb2-4a3d-9472-08309a0b5e38}</UniqueIdentifier>
    </Filter>
    <Filter Include="Source Files\Platform\Windows">
      <UniqueIdentifier>{d2fc3bfb-4748-4d2f-902e-eacd262d650a}</UniqueIdentifier>
    </Filter>
    <Filter Include="Source Files\Platform\Windows\Win_Stubs">
      <UniqueIdentifier>{b6487c6f-ba0a-4e91-ba24-3895db945a23}</UniqueIdentifier>
    </Filter>
    <Filter Include="Source Files\Protocol_Networking\RMsg">
      <UniqueIdentifier>{4edf78c9-40a7-49aa-b0d1-62a53364a814}</UniqueIdentifier>
    </Filter>
    <Filter Include="Source Files\Protocol_Networking\SMsg">
      <UniqueIdentifier>{494968bf-5181-4cd1-99a3-66e6d788f118}</UniqueIdentifier>
    </Filter>
    <Filter Include="Source Files\Server\Gamed">
      <UniqueIdentifier>{6200fc3d-c2e4-46dc-b886-ea874ee9edfa}</UniqueIdentifier>
    </Filter>
    <Filter Include="Source Files\Server\Masterd">
      <UniqueIdentifier>{85064100-57b4-4105-a439-1aabf1cb358b}</UniqueIdentifier>
    </Filter>
    <Filter Include="Source Files\Protocol_Networking\GMsg">
      <UniqueIdentifier>{da6c8df7-eca0-4452-953b-c06fb3629f7a}</UniqueIdentifier>
    </Filter>
    <Filter Include="Header Files\Server\Leveld">
      <UniqueIdentifier>{3b5eab50-62c8-4da0-a083-f2e5eeb3bf81}</UniqueIdentifier>
    </Filter>
    <Filter Include="Source Files\Server\Leveld">
      <UniqueIdentifier>{4666c584-f90e-4dd2-9d0d-37f52701e795}</UniqueIdentifier>
    </Filter>
    <Filter Include="Source Files\Protocol_Networking\net">
      <UniqueIdentifier>{6d1eaa4c-1576-4014-a9e0-60b457013378}</UniqueIdentifier>
    </Filter>
    <Filter Include="Header Files\Protocol_Networking\net">
      <UniqueIdentifier>{8a0d94f4-e0ec-4636-b041-3987fc7895d5}</UniqueIdentifier>
    </Filter>
    <Filter Include="Header Files\Server\Unified_Server">
      <UniqueIdentifier>{e778a9c5-d7ef-4438-9b6f-ed13eecc75b7}</UniqueIdentifier>
    </Filter>
    <Filter Include="Source Files\Server\Unified_Server">
      <UniqueIdentifier>{ab33df76-41d5-46bd-a3fc-da754c77d96b}</UniqueIdentifier>
    </Filter>
    <Filter Include="Source Files\Game\Logic">
      <UniqueIdentifier>{4c4ddba9-31a8-4b91-9d38-35e1c85d749a}</UniqueIdentifier>
    </Filter>
    <Filter Include="Header Files\Game\Logic">
      <UniqueIdentifier>{b7c8cacf-9349-4058-a30f-f11b75c90bb4}</UniqueIdentifier>
    </Filter>
  </ItemGroup>
  <ItemGroup>
    <ClInclude Include="include\core\LmAssert.h">
      <Filter>Header Files\Core</Filter>
    </ClInclude>
    <ClInclude Include="include\core\LmFuncTimer.h">
      <Filter>Header Files\Core</Filter>
    </ClInclude>
    <ClInclude Include="include\core\LmLocker.h">
      <Filter>Header Files\Core</Filter>
    </ClInclude>
    <ClInclude Include="include\core\LmNew.h">
      <Filter>Header Files\Core</Filter>
    </ClInclude>
    <ClInclude Include="include\core\LmRand.h">
      <Filter>Header Files\Core</Filter>
    </ClInclude>
    <ClInclude Include="include\core\LmSignalThread.h">
      <Filter>Header Files\Core</Filter>
    </ClInclude>
    <ClInclude Include="include\core\LmThread.h">
      <Filter>Header Files\Core</Filter>
    </ClInclude>
    <ClInclude Include="include\core\LmThreadMQ.h">
      <Filter>Header Files\Core</Filter>
    </ClInclude>
    <ClInclude Include="include\core\LmThreadPool.h">
      <Filter>Header Files\Core</Filter>
    </ClInclude>
    <ClInclude Include="include\core\LmTimer.h">
      <Filter>Header Files\Core</Filter>
    </ClInclude>
    <ClInclude Include="include\core\LmUtil.h">
      <Filter>Header Files\Core</Filter>
    </ClInclude>
    <ClInclude Include="include\core\LnMD5.h">
      <Filter>Header Files\Core</Filter>
    </ClInclude>
    <ClInclude Include="include\core\LyraDefs.h">
      <Filter>Header Files\Core</Filter>
    </ClInclude>
    <ClInclude Include="include\core\PTh.h">
      <Filter>Header Files\Core</Filter>
    </ClInclude>
    <ClInclude Include="include\core\PThAttr.h">
      <Filter>Header Files\Core</Filter>
    </ClInclude>
    <ClInclude Include="include\core\PThCond.h">
      <Filter>Header Files\Core</Filter>
    </ClInclude>
    <ClInclude Include="include\core\PThMutex.h">
      <Filter>Header Files\Core</Filter>
    </ClInclude>
    <ClInclude Include="include\core\SharedConstants.h">
      <Filter>Header Files\Core</Filter>
    </ClInclude>
    <ClInclude Include="include\core\tchar.h">
      <Filter>Header Files\Core</Filter>
    </ClInclude>
    <ClInclude Include="include\core\unix.h">
      <Filter>Header Files\Core</Filter>
    </ClInclude>
    <ClInclude Include="include\db\Gdbm.h">
      <Filter>Header Files\Database</Filter>
    </ClInclude>
    <ClInclude Include="include\db\LmBillingDBC.h">
      <Filter>Header Files\Database</Filter>
    </ClInclude>
    <ClInclude Include="include\db\LmDatabase.h">
      <Filter>Header Files\Database</Filter>
    </ClInclude>
    <ClInclude Include="include\db\LmDatabaseKey.h">
      <Filter>Header Files\Database</Filter>
    </ClInclude>
    <ClInclude Include="include\db\LmGlobalDB.h">
      <Filter>Header Files\Database</Filter>
    </ClInclude>
    <ClInclude Include="include\db\LmGuildDBC.h">
      <Filter>Header Files\Database</Filter>
    </ClInclude>
    <ClInclude Include="include\db\LmItemDBC.h">
      <Filter>Header Files\Database</Filter>
    </ClInclude>
    <ClInclude Include="include\db\LmPlayerDB.h">
      <Filter>Header Files\Database</Filter>
    </ClInclude>
    <ClInclude Include="include\db\LmPlayerDBC.h">
      <Filter>Header Files\Database</Filter>
    </ClInclude>
    <ClInclude Include="include\db\LmPlayerDBF.h">
      <Filter>Header Files\Database</Filter>
    </ClInclude>
    <ClInclude Include="include\db\LmRoomDB.h">
      <Filter>Header Files\Database</Filter>
    </ClInclude>
    <ClInclude Include="include\db\LmServerDBC.h">
      <Filter>Header Files\Database</Filter>
    </ClInclude>
    <ClInclude Include="include\db\LmItemGenDB.h">
      <Filter>Header Files\Database</Filter>
    </ClInclude>
    <ClInclude Include="include\db\LmLevelDBC.h">
      <Filter>Header Files\Database</Filter>
    </ClInclude>
    <ClInclude Include="include\game\LmArts.h">
      <Filter>Header Files\Game</Filter>
    </ClInclude>
    <ClInclude Include="include\game\LmAvatar.h">
      <Filter>Header Files\Game</Filter>
    </ClInclude>
    <ClInclude Include="include\game\LmDebug.h">
      <Filter>Header Files\Game</Filter>
    </ClInclude>
    <ClInclude Include="include\game\LmGame.h">
      <Filter>Header Files\Game</Filter>
    </ClInclude>
    <ClInclude Include="include\game\LmGoalInfo.h">
      <Filter>Header Files\Game</Filter>
    </ClInclude>
    <ClInclude Include="include\game\LmIdSet.h">
      <Filter>Header Files\Game</Filter>
    </ClInclude>
    <ClInclude Include="include\game\LmInventory.h">
      <Filter>Header Files\Game</Filter>
    </ClInclude>
    <ClInclude Include="include\game\LmItem.h">
      <Filter>Header Files\Game</Filter>
    </ClInclude>
    <ClInclude Include="include\game\LmItemDefs.h">
      <Filter>Header Files\Game</Filter>
    </ClInclude>
    <ClInclude Include="include\game\LmItemGen.h">
      <Filter>Header Files\Game</Filter>
    </ClInclude>
    <ClInclude Include="include\game\LmItemGenNames.h">
      <Filter>Header Files\Game</Filter>
    </ClInclude>
    <ClInclude Include="include\game\LmItemGenTables.h">
      <Filter>Header Files\Game</Filter>
    </ClInclude>
    <ClInclude Include="include\game\LmItemHdr.h">
      <Filter>Header Files\Game</Filter>
    </ClInclude>
    <ClInclude Include="include\game\LmItemNames.h">
      <Filter>Header Files\Game</Filter>
    </ClInclude>
    <ClInclude Include="include\game\LmLog.h">
      <Filter>Header Files\Game</Filter>
    </ClInclude>
    <ClInclude Include="include\game\LmLogFile.h">
      <Filter>Header Files\Game</Filter>
    </ClInclude>
    <ClInclude Include="include\game\LmLogNull.h">
      <Filter>Header Files\Game</Filter>
    </ClInclude>
    <ClInclude Include="include\game\LmLogSyslog.h">
      <Filter>Header Files\Game</Filter>
    </ClInclude>
    <ClInclude Include="include\game\LmParty.h">
      <Filter>Header Files\Game</Filter>
    </ClInclude>
    <ClInclude Include="include\game\LmPlayerNameMap.h">
      <Filter>Header Files\Game</Filter>
    </ClInclude>
    <ClInclude Include="include\game\LmPosition.h">
      <Filter>Header Files\Game</Filter>
    </ClInclude>
    <ClInclude Include="include\game\LmRoomItem.h">
      <Filter>Header Files\Game</Filter>
    </ClInclude>
    <ClInclude Include="include\game\LmRoomItemList.h">
      <Filter>Header Files\Game</Filter>
    </ClInclude>
    <ClInclude Include="include\game\LmStats.h">
      <Filter>Header Files\Game</Filter>
    </ClInclude>
    <ClInclude Include="include\game\LmXPTable.h">
      <Filter>Header Files\Game</Filter>
    </ClInclude>
    <ClInclude Include="include\protocol\LmBit32.h">
      <Filter>Header Files\Protocol_Networking</Filter>
    </ClInclude>
    <ClInclude Include="include\protocol\LmConnection.h">
      <Filter>Header Files\Protocol_Networking</Filter>
    </ClInclude>
    <ClInclude Include="include\protocol\LmConnectionList.h">
      <Filter>Header Files\Protocol_Networking</Filter>
    </ClInclude>
    <ClInclude Include="include\protocol\LmConnectionSet.h">
      <Filter>Header Files\Protocol_Networking</Filter>
    </ClInclude>
    <ClInclude Include="include\protocol\LmConnectionSetImp.h">
      <Filter>Header Files\Protocol_Networking</Filter>
    </ClInclude>
    <ClInclude Include="include\protocol\LmDispatch.h">
      <Filter>Header Files\Protocol_Networking</Filter>
    </ClInclude>
    <ClInclude Include="include\protocol\LmMesg.h">
      <Filter>Header Files\Protocol_Networking</Filter>
    </ClInclude>
    <ClInclude Include="include\protocol\LmMesgBuf.h">
      <Filter>Header Files\Protocol_Networking</Filter>
    </ClInclude>
    <ClInclude Include="include\protocol\LmMesgBufPool.h">
      <Filter>Header Files\Protocol_Networking</Filter>
    </ClInclude>
    <ClInclude Include="include\protocol\LmMesgBufPoolImp.h">
      <Filter>Header Files\Protocol_Networking</Filter>
    </ClInclude>
    <ClInclude Include="include\protocol\LmMesgHdr.h">
      <Filter>Header Files\Protocol_Networking</Filter>
    </ClInclude>
    <ClInclude Include="include\protocol\LmMessage.h">
      <Filter>Header Files\Protocol_Networking</Filter>
    </ClInclude>
    <ClInclude Include="include\protocol\LmMessageReader.h">
      <Filter>Header Files\Protocol_Networking</Filter>
    </ClInclude>
    <ClInclude Include="include\protocol\LmNetworkInput.h">
      <Filter>Header Files\Protocol_Networking</Filter>
    </ClInclude>
    <ClInclude Include="include\protocol\LmNetworkOutput.h">
      <Filter>Header Files\Protocol_Networking</Filter>
    </ClInclude>
    <ClInclude Include="include\protocol\LmPeerUpdate.h">
      <Filter>Header Files\Protocol_Networking</Filter>
    </ClInclude>
    <ClInclude Include="include\protocol\LmSockAddr.h">
      <Filter>Header Files\Protocol_Networking</Filter>
    </ClInclude>
    <ClInclude Include="include\protocol\LmSockAddrInet.h">
      <Filter>Header Files\Protocol_Networking</Filter>
    </ClInclude>
    <ClInclude Include="include\protocol\LmSocket.h">
      <Filter>Header Files\Protocol_Networking</Filter>
    </ClInclude>
    <ClInclude Include="include\protocol\LmSockType.h">
      <Filter>Header Files\Protocol_Networking</Filter>
    </ClInclude>
    <ClInclude Include="include\protocol\LmSrvMesgBuf.h">
      <Filter>Header Files\Protocol_Networking</Filter>
    </ClInclude>
    <ClInclude Include="include\protocol\LyraMessage.h">
      <Filter>Header Files\Protocol_Networking</Filter>
    </ClInclude>
    <ClInclude Include="include\protocol\GMsg\GMsg.h">
      <Filter>Header Files\Protocol_Networking\GMsg</Filter>
    </ClInclude>
    <ClInclude Include="include\protocol\GMsg\GMsg_AgentLogin.h">
      <Filter>Header Files\Protocol_Networking\GMsg</Filter>
    </ClInclude>
    <ClInclude Include="include\protocol\GMsg\GMsg_All.h">
      <Filter>Header Files\Protocol_Networking\GMsg</Filter>
    </ClInclude>
    <ClInclude Include="include\protocol\GMsg\GMsg_ChangeAvatar.h">
      <Filter>Header Files\Protocol_Networking\GMsg</Filter>
    </ClInclude>
    <ClInclude Include="include\protocol\GMsg\GMsg_ChangeStat.h">
      <Filter>Header Files\Protocol_Networking\GMsg</Filter>
    </ClInclude>
    <ClInclude Include="include\protocol\GMsg\GMsg_CreateItem.h">
      <Filter>Header Files\Protocol_Networking\GMsg</Filter>
    </ClInclude>
    <ClInclude Include="include\protocol\GMsg\GMsg_DestroyItem.h">
      <Filter>Header Files\Protocol_Networking\GMsg</Filter>
    </ClInclude>
    <ClInclude Include="include\protocol\GMsg\GMsg_DestroyRoomItem.h">
      <Filter>Header Files\Protocol_Networking\GMsg</Filter>
    </ClInclude>
    <ClInclude Include="include\protocol\GMsg\GMsg_Error.h">
      <Filter>Header Files\Protocol_Networking\GMsg</Filter>
    </ClInclude>
    <ClInclude Include="include\protocol\GMsg\GMsg_GetGoalHdrs.h">
      <Filter>Header Files\Protocol_Networking\GMsg</Filter>
    </ClInclude>
    <ClInclude Include="include\protocol\GMsg\GMsg_GetItem.h">
      <Filter>Header Files\Protocol_Networking\GMsg</Filter>
    </ClInclude>
    <ClInclude Include="include\protocol\GMsg\GMsg_GetItemDescription.h">
      <Filter>Header Files\Protocol_Networking\GMsg</Filter>
    </ClInclude>
    <ClInclude Include="include\protocol\GMsg\GMsg_GetLevelPlayers.h">
      <Filter>Header Files\Protocol_Networking\GMsg</Filter>
    </ClInclude>
    <ClInclude Include="include\protocol\GMsg\GMsg_GetPlayerName.h">
      <Filter>Header Files\Protocol_Networking\GMsg</Filter>
    </ClInclude>
    <ClInclude Include="include\protocol\GMsg\GMsg_GetReportHdrs.h">
      <Filter>Header Files\Protocol_Networking\GMsg</Filter>
    </ClInclude>
    <ClInclude Include="include\protocol\GMsg\GMsg_GiveItem.h">
      <Filter>Header Files\Protocol_Networking\GMsg</Filter>
    </ClInclude>
    <ClInclude Include="include\protocol\GMsg\GMsg_GiveItemAck.h">
      <Filter>Header Files\Protocol_Networking\GMsg</Filter>
    </ClInclude>
    <ClInclude Include="include\protocol\GMsg\GMsg_Goal.h">
      <Filter>Header Files\Protocol_Networking\GMsg</Filter>
    </ClInclude>
    <ClInclude Include="include\protocol\GMsg\GMsg_GotoLevel.h">
      <Filter>Header Files\Protocol_Networking\GMsg</Filter>
    </ClInclude>
    <ClInclude Include="include\protocol\GMsg\GMsg_GrantPPoint.h">
      <Filter>Header Files\Protocol_Networking\GMsg</Filter>
    </ClInclude>
    <ClInclude Include="include\protocol\GMsg\GMsg_ItemDescription.h">
      <Filter>Header Files\Protocol_Networking\GMsg</Filter>
    </ClInclude>
    <ClInclude Include="include\protocol\GMsg\GMsg_ItemDrop.h">
      <Filter>Header Files\Protocol_Networking\GMsg</Filter>
    </ClInclude>
    <ClInclude Include="include\protocol\GMsg\GMsg_ItemPickup.h">
      <Filter>Header Files\Protocol_Networking\GMsg</Filter>
    </ClInclude>
    <ClInclude Include="include\protocol\GMsg\GMsg_LevelPlayers.h">
      <Filter>Header Files\Protocol_Networking\GMsg</Filter>
    </ClInclude>
    <ClInclude Include="include\protocol\GMsg\GMsg_LocateAvatar.h">
      <Filter>Header Files\Protocol_Networking\GMsg</Filter>
    </ClInclude>
    <ClInclude Include="include\protocol\GMsg\GMsg_LocateAvatarAck.h">
      <Filter>Header Files\Protocol_Networking\GMsg</Filter>
    </ClInclude>
    <ClInclude Include="include\protocol\GMsg\GMsg_LocateMaresAck.h">
      <Filter>Header Files\Protocol_Networking\GMsg</Filter>
    </ClInclude>
    <ClInclude Include="include\protocol\GMsg\GMsg_LocateNewliesAck.h">
      <Filter>Header Files\Protocol_Networking\GMsg</Filter>
    </ClInclude>
    <ClInclude Include="include\protocol\GMsg\GMsg_Login.h">
      <Filter>Header Files\Protocol_Networking\GMsg</Filter>
    </ClInclude>
    <ClInclude Include="include\protocol\GMsg\GMsg_LoginAck.h">
      <Filter>Header Files\Protocol_Networking\GMsg</Filter>
    </ClInclude>
    <ClInclude Include="include\protocol\GMsg\GMsg_Logout.h">
      <Filter>Header Files\Protocol_Networking\GMsg</Filter>
    </ClInclude>
    <ClInclude Include="include\protocol\GMsg\GMsg_Ping.h">
      <Filter>Header Files\Protocol_Networking\GMsg</Filter>
    </ClInclude>
    <ClInclude Include="include\protocol\GMsg\GMsg_PostGoal.h">
      <Filter>Header Files\Protocol_Networking\GMsg</Filter>
    </ClInclude>
    <ClInclude Include="include\protocol\GMsg\GMsg_PostReport.h">
      <Filter>Header Files\Protocol_Networking\GMsg</Filter>
    </ClInclude>
    <ClInclude Include="include\protocol\GMsg\GMsg_PPointAck.h">
      <Filter>Header Files\Protocol_Networking\GMsg</Filter>
    </ClInclude>
    <ClInclude Include="include\protocol\GMsg\GMsg_PreLogin.h">
      <Filter>Header Files\Protocol_Networking\GMsg</Filter>
    </ClInclude>
    <ClInclude Include="include\protocol\GMsg\GMsg_PreLoginAck.h">
      <Filter>Header Files\Protocol_Networking\GMsg</Filter>
    </ClInclude>
    <ClInclude Include="include\protocol\GMsg\GMsg_PutItem.h">
      <Filter>Header Files\Protocol_Networking\GMsg</Filter>
    </ClInclude>
    <ClInclude Include="include\protocol\GMsg\GMsg_RcvGoalbookHdr.h">
      <Filter>Header Files\Protocol_Networking\GMsg</Filter>
    </ClInclude>
    <ClInclude Include="include\protocol\GMsg\GMsg_RcvGoalDetails.h">
      <Filter>Header Files\Protocol_Networking\GMsg</Filter>
    </ClInclude>
    <ClInclude Include="include\protocol\GMsg\GMsg_RcvGoalHdr.h">
      <Filter>Header Files\Protocol_Networking\GMsg</Filter>
    </ClInclude>
    <ClInclude Include="include\protocol\GMsg\GMsg_RcvGoalText.h">
      <Filter>Header Files\Protocol_Networking\GMsg</Filter>
    </ClInclude>
    <ClInclude Include="include\protocol\GMsg\GMsg_RcvPlayerName.h">
      <Filter>Header Files\Protocol_Networking\GMsg</Filter>
    </ClInclude>
    <ClInclude Include="include\protocol\GMsg\GMsg_RcvReportGoals.h">
      <Filter>Header Files\Protocol_Networking\GMsg</Filter>
    </ClInclude>
    <ClInclude Include="include\protocol\GMsg\GMsg_RcvReportHdr.h">
      <Filter>Header Files\Protocol_Networking\GMsg</Filter>
    </ClInclude>
    <ClInclude Include="include\protocol\GMsg\GMsg_RcvReportText.h">
      <Filter>Header Files\Protocol_Networking\GMsg</Filter>
    </ClInclude>
    <ClInclude Include="include\protocol\GMsg\GMsg_SenseDreamersAck.h">
      <Filter>Header Files\Protocol_Networking\GMsg</Filter>
    </ClInclude>
    <ClInclude Include="include\protocol\GMsg\GMsg_ServerDown.h">
      <Filter>Header Files\Protocol_Networking\GMsg</Filter>
    </ClInclude>
    <ClInclude Include="include\protocol\GMsg\GMsg_SetAvatarDescription.h">
      <Filter>Header Files\Protocol_Networking\GMsg</Filter>
    </ClInclude>
    <ClInclude Include="include\protocol\GMsg\GMsg_ShowItem.h">
      <Filter>Header Files\Protocol_Networking\GMsg</Filter>
    </ClInclude>
    <ClInclude Include="include\protocol\GMsg\GMsg_SummonAvatar.h">
      <Filter>Header Files\Protocol_Networking\GMsg</Filter>
    </ClInclude>
    <ClInclude Include="include\protocol\GMsg\GMsg_SummonAvatarAck.h">
      <Filter>Header Files\Protocol_Networking\GMsg</Filter>
    </ClInclude>
    <ClInclude Include="include\protocol\GMsg\GMsg_TakeItem.h">
      <Filter>Header Files\Protocol_Networking\GMsg</Filter>
    </ClInclude>
    <ClInclude Include="include\protocol\GMsg\GMsg_TakeItemAck.h">
      <Filter>Header Files\Protocol_Networking\GMsg</Filter>
    </ClInclude>
    <ClInclude Include="include\protocol\GMsg\GMsg_UpdateItem.h">
      <Filter>Header Files\Protocol_Networking\GMsg</Filter>
    </ClInclude>
    <ClInclude Include="include\protocol\GMsg\GMsg_UpdateStats.h">
      <Filter>Header Files\Protocol_Networking\GMsg</Filter>
    </ClInclude>
    <ClInclude Include="include\protocol\GMsg\GMsg_UsePPoint.h">
      <Filter>Header Files\Protocol_Networking\GMsg</Filter>
    </ClInclude>
    <ClInclude Include="include\protocol\GMsg\GMsg_ViewItem.h">
      <Filter>Header Files\Protocol_Networking\GMsg</Filter>
    </ClInclude>
    <ClInclude Include="include\protocol\RMsg\RmRemotePlayer.h">
      <Filter>Header Files\Protocol_Networking\RMsg</Filter>
    </ClInclude>
    <ClInclude Include="include\protocol\RMsg\RMsg.h">
      <Filter>Header Files\Protocol_Networking\RMsg</Filter>
    </ClInclude>
    <ClInclude Include="include\protocol\RMsg\RMsg_All.h">
      <Filter>Header Files\Protocol_Networking\RMsg</Filter>
    </ClInclude>
    <ClInclude Include="include\protocol\RMsg\RMsg_ChangeAvatar.h">
      <Filter>Header Files\Protocol_Networking\RMsg</Filter>
    </ClInclude>
    <ClInclude Include="include\protocol\RMsg\RMsg_CupSummons.h">
      <Filter>Header Files\Protocol_Networking\RMsg</Filter>
    </ClInclude>
    <ClInclude Include="include\protocol\RMsg\RMsg_EnterRoom.h">
      <Filter>Header Files\Protocol_Networking\RMsg</Filter>
    </ClInclude>
    <ClInclude Include="include\protocol\RMsg\RMsg_Error.h">
      <Filter>Header Files\Protocol_Networking\RMsg</Filter>
    </ClInclude>
    <ClInclude Include="include\protocol\RMsg\RMsg_GetAvatarDescription.h">
      <Filter>Header Files\Protocol_Networking\RMsg</Filter>
    </ClInclude>
    <ClInclude Include="include\protocol\RMsg\RMsg_GetRoomDescription.h">
      <Filter>Header Files\Protocol_Networking\RMsg</Filter>
    </ClInclude>
    <ClInclude Include="include\protocol\RMsg\RMsg_GotoRoom.h">
      <Filter>Header Files\Protocol_Networking\RMsg</Filter>
    </ClInclude>
    <ClInclude Include="include\protocol\RMsg\RMsg_ItemDrop.h">
      <Filter>Header Files\Protocol_Networking\RMsg</Filter>
    </ClInclude>
    <ClInclude Include="include\protocol\RMsg\RMsg_ItemHdrDrop.h">
      <Filter>Header Files\Protocol_Networking\RMsg</Filter>
    </ClInclude>
    <ClInclude Include="include\protocol\RMsg\RMsg_ItemPickup.h">
      <Filter>Header Files\Protocol_Networking\RMsg</Filter>
    </ClInclude>
    <ClInclude Include="include\protocol\RMsg\RMsg_JoinedParty.h">
      <Filter>Header Files\Protocol_Networking\RMsg</Filter>
    </ClInclude>
    <ClInclude Include="include\protocol\RMsg\RMsg_LeaveRoom.h">
      <Filter>Header Files\Protocol_Networking\RMsg</Filter>
    </ClInclude>
    <ClInclude Include="include\protocol\RMsg\RMsg_LoginAck.h">
      <Filter>Header Files\Protocol_Networking\RMsg</Filter>
    </ClInclude>
    <ClInclude Include="include\protocol\RMsg\RMsg_Logout.h">
      <Filter>Header Files\Protocol_Networking\RMsg</Filter>
    </ClInclude>
    <ClInclude Include="include\protocol\RMsg\RMsg_NewlyAwakened.h">
      <Filter>Header Files\Protocol_Networking\RMsg</Filter>
    </ClInclude>
    <ClInclude Include="include\protocol\RMsg\RMsg_Party.h">
      <Filter>Header Files\Protocol_Networking\RMsg</Filter>
    </ClInclude>
    <ClInclude Include="include\protocol\RMsg\RMsg_PartyInfo.h">
      <Filter>Header Files\Protocol_Networking\RMsg</Filter>
    </ClInclude>
    <ClInclude Include="include\protocol\RMsg\RMsg_PeerUpdate.h">
      <Filter>Header Files\Protocol_Networking\RMsg</Filter>
    </ClInclude>
    <ClInclude Include="include\protocol\RMsg\RMsg_Ping.h">
      <Filter>Header Files\Protocol_Networking\RMsg</Filter>
    </ClInclude>
    <ClInclude Include="include\protocol\RMsg\RMsg_PlayerMsg.h">
      <Filter>Header Files\Protocol_Networking\RMsg</Filter>
    </ClInclude>
    <ClInclude Include="include\protocol\RMsg\RMsg_PlayerUpdate.h">
      <Filter>Header Files\Protocol_Networking\RMsg</Filter>
    </ClInclude>
    <ClInclude Include="include\protocol\RMsg\RMsg_RcvAvatarDescription.h">
      <Filter>Header Files\Protocol_Networking\RMsg</Filter>
    </ClInclude>
    <ClInclude Include="include\protocol\RMsg\RMsg_RoomDescription.h">
      <Filter>Header Files\Protocol_Networking\RMsg</Filter>
    </ClInclude>
    <ClInclude Include="include\protocol\RMsg\RMsg_RoomLoginAck.h">
      <Filter>Header Files\Protocol_Networking\RMsg</Filter>
    </ClInclude>
    <ClInclude Include="include\protocol\RMsg\RMsg_Speech.h">
      <Filter>Header Files\Protocol_Networking\RMsg</Filter>
    </ClInclude>
    <ClInclude Include="include\protocol\RMsg\RMsg_Update.h">
      <Filter>Header Files\Protocol_Networking\RMsg</Filter>
    </ClInclude>
    <ClInclude Include="include\protocol\SMsg\SMsg.h">
      <Filter>Header Files\Protocol_Networking\SMsg</Filter>
    </ClInclude>
    <ClInclude Include="include\protocol\SMsg\SMsg_All.h">
      <Filter>Header Files\Protocol_Networking\SMsg</Filter>
    </ClInclude>
    <ClInclude Include="include\protocol\SMsg\SMsg_ConnStatus.h">
      <Filter>Header Files\Protocol_Networking\SMsg</Filter>
    </ClInclude>
    <ClInclude Include="include\protocol\SMsg\SMsg_DBQuery.h">
      <Filter>Header Files\Protocol_Networking\SMsg</Filter>
    </ClInclude>
    <ClInclude Include="include\protocol\SMsg\SMsg_DBQueryAck.h">
      <Filter>Header Files\Protocol_Networking\SMsg</Filter>
    </ClInclude>
    <ClInclude Include="include\protocol\SMsg\SMsg_DestroyRoomItem.h">
      <Filter>Header Files\Protocol_Networking\SMsg</Filter>
    </ClInclude>
    <ClInclude Include="include\protocol\SMsg\SMsg_DS_Action.h">
      <Filter>Header Files\Protocol_Networking\SMsg</Filter>
    </ClInclude>
    <ClInclude Include="include\protocol\SMsg\SMsg_DumpState.h">
      <Filter>Header Files\Protocol_Networking\SMsg</Filter>
    </ClInclude>
    <ClInclude Include="include\protocol\SMsg\SMsg_Error.h">
      <Filter>Header Files\Protocol_Networking\SMsg</Filter>
    </ClInclude>
    <ClInclude Include="include\protocol\SMsg\SMsg_GetLevelPlayers.h">
      <Filter>Header Files\Protocol_Networking\SMsg</Filter>
    </ClInclude>
    <ClInclude Include="include\protocol\SMsg\SMsg_GetItem.h">
      <Filter>Header Files\Protocol_Networking\SMsg</Filter>
    </ClInclude>
    <ClInclude Include="include\protocol\SMsg\SMsg_GetServerStatus.h">
      <Filter>Header Files\Protocol_Networking\SMsg</Filter>
    </ClInclude>
    <ClInclude Include="include\protocol\SMsg\SMsg_GiveItem.h">
      <Filter>Header Files\Protocol_Networking\SMsg</Filter>
    </ClInclude>
    <ClInclude Include="include\protocol\SMsg\SMsg_GiveItemAck.h">
      <Filter>Header Files\Protocol_Networking\SMsg</Filter>
    </ClInclude>
    <ClInclude Include="include\protocol\SMsg\SMsg_GS_Action.h">
      <Filter>Header Files\Protocol_Networking\SMsg</Filter>
    </ClInclude>
    <ClInclude Include="include\protocol\SMsg\SMsg_GS_Login.h">
      <Filter>Header Files\Protocol_Networking\SMsg</Filter>
    </ClInclude>
    <ClInclude Include="include\protocol\SMsg\SMsg_GS_Logout.h">
      <Filter>Header Files\Protocol_Networking\SMsg</Filter>
    </ClInclude>
    <ClInclude Include="include\protocol\SMsg\SMsg_ItemDrop.h">
      <Filter>Header Files\Protocol_Networking\SMsg</Filter>
    </ClInclude>
    <ClInclude Include="include\protocol\SMsg\SMsg_ItemPickup.h">
      <Filter>Header Files\Protocol_Networking\SMsg</Filter>
    </ClInclude>
    <ClInclude Include="include\protocol\SMsg\SMsg_LevelLogin.h">
      <Filter>Header Files\Protocol_Networking\SMsg</Filter>
    </ClInclude>
    <ClInclude Include="include\protocol\SMsg\SMsg_LocateAvatar.h">
      <Filter>Header Files\Protocol_Networking\SMsg</Filter>
    </ClInclude>
    <ClInclude Include="include\protocol\SMsg\SMsg_Login.h">
      <Filter>Header Files\Protocol_Networking\SMsg</Filter>
    </ClInclude>
    <ClInclude Include="include\protocol\SMsg\SMsg_Logout.h">
      <Filter>Header Files\Protocol_Networking\SMsg</Filter>
    </ClInclude>
    <ClInclude Include="include\protocol\SMsg\SMsg_LS_Action.h">
      <Filter>Header Files\Protocol_Networking\SMsg</Filter>
    </ClInclude>
    <ClInclude Include="include\protocol\SMsg\SMsg_LS_Login.h">
      <Filter>Header Files\Protocol_Networking\SMsg</Filter>
    </ClInclude>
    <ClInclude Include="include\protocol\SMsg\SMsg_PartyLeader.h">
      <Filter>Header Files\Protocol_Networking\SMsg</Filter>
    </ClInclude>
    <ClInclude Include="include\protocol\SMsg\SMsg_Ping.h">
      <Filter>Header Files\Protocol_Networking\SMsg</Filter>
    </ClInclude>
    <ClInclude Include="include\protocol\SMsg\SMsg_PlayerStatus.h">
      <Filter>Header Files\Protocol_Networking\SMsg</Filter>
    </ClInclude>
    <ClInclude Include="include\protocol\SMsg\SMsg_Proxy.h">
      <Filter>Header Files\Protocol_Networking\SMsg</Filter>
    </ClInclude>
    <ClInclude Include="include\protocol\SMsg\SMsg_PutItem.h">
      <Filter>Header Files\Protocol_Networking\SMsg</Filter>
    </ClInclude>
    <ClInclude Include="include\protocol\SMsg\SMsg_RecvMesg.h">
      <Filter>Header Files\Protocol_Networking\SMsg</Filter>
    </ClInclude>
    <ClInclude Include="include\protocol\SMsg\SMsg_ResetPort.h">
      <Filter>Header Files\Protocol_Networking\SMsg</Filter>
    </ClInclude>
    <ClInclude Include="include\protocol\SMsg\SMsg_RotateLogs.h">
      <Filter>Header Files\Protocol_Networking\SMsg</Filter>
    </ClInclude>
    <ClInclude Include="include\protocol\SMsg\SMsg_SendMesg.h">
      <Filter>Header Files\Protocol_Networking\SMsg</Filter>
    </ClInclude>
    <ClInclude Include="include\protocol\SMsg\SMsg_ServerStatus.h">
      <Filter>Header Files\Protocol_Networking\SMsg</Filter>
    </ClInclude>
    <ClInclude Include="include\protocol\SMsg\SMsg_SetAvatarDescription.h">
      <Filter>Header Files\Protocol_Networking\SMsg</Filter>
    </ClInclude>
    <ClInclude Include="include\protocol\SMsg\SMsg_ShowItem.h">
      <Filter>Header Files\Protocol_Networking\SMsg</Filter>
    </ClInclude>
    <ClInclude Include="include\protocol\SMsg\SMsg_TakeItemAck.h">
      <Filter>Header Files\Protocol_Networking\SMsg</Filter>
    </ClInclude>
    <ClInclude Include="include\protocol\SMsg\SMsg_UniverseBroadcast.h">
      <Filter>Header Files\Protocol_Networking\SMsg</Filter>
    </ClInclude>
    <ClInclude Include="include\server\gamed\GsForwardThread.h">
      <Filter>Header Files\Server\Gamed</Filter>
    </ClInclude>
    <ClInclude Include="include\server\gamed\GsGameThread.h">
      <Filter>Header Files\Server\Gamed</Filter>
    </ClInclude>
    <ClInclude Include="include\server\gamed\GsInputDispatch.h">
      <Filter>Header Files\Server\Gamed</Filter>
    </ClInclude>
    <ClInclude Include="include\server\gamed\GsLevelSet.h">
      <Filter>Header Files\Server\Gamed</Filter>
    </ClInclude>
    <ClInclude Include="include\server\gamed\GsMacros.h">
      <Filter>Header Files\Server\Gamed</Filter>
    </ClInclude>
    <ClInclude Include="include\server\gamed\GsMain.h">
      <Filter>Header Files\Server\Gamed</Filter>
    </ClInclude>
    <ClInclude Include="include\server\gamed\GsMessageReader.h">
      <Filter>Header Files\Server\Gamed</Filter>
    </ClInclude>
    <ClInclude Include="include\server\gamed\GsNetworkInput.h">
      <Filter>Header Files\Server\Gamed</Filter>
    </ClInclude>
    <ClInclude Include="include\server\gamed\GsNetworkOutput.h">
      <Filter>Header Files\Server\Gamed</Filter>
    </ClInclude>
    <ClInclude Include="include\server\gamed\GsOutputDispatch.h">
      <Filter>Header Files\Server\Gamed</Filter>
    </ClInclude>
    <ClInclude Include="include\server\gamed\GsPlayer.h">
      <Filter>Header Files\Server\Gamed</Filter>
    </ClInclude>
    <ClInclude Include="include\server\gamed\GsPlayerList.h">
      <Filter>Header Files\Server\Gamed</Filter>
    </ClInclude>
    <ClInclude Include="include\server\gamed\GsPlayerSet.h">
      <Filter>Header Files\Server\Gamed</Filter>
    </ClInclude>
    <ClInclude Include="include\server\gamed\GsPlayerThread.h">
      <Filter>Header Files\Server\Gamed</Filter>
    </ClInclude>
    <ClInclude Include="include\server\gamed\GsPlayerThreadSet.h">
      <Filter>Header Files\Server\Gamed</Filter>
    </ClInclude>
    <ClInclude Include="include\server\gamed\GsPositionThread.h">
      <Filter>Header Files\Server\Gamed</Filter>
    </ClInclude>
    <ClInclude Include="include\server\gamed\GsSignalThread.h">
      <Filter>Header Files\Server\Gamed</Filter>
    </ClInclude>
    <ClInclude Include="include\server\gamed\GsUtil.h">
      <Filter>Header Files\Server\Gamed</Filter>
    </ClInclude>
    <ClInclude Include="include\server\gamed\resource.h">
      <Filter>Header Files\Server\Gamed</Filter>
    </ClInclude>
    <ClInclude Include="include\server\leveld\LsCodexText.h">
      <Filter>Header Files\Server\Leveld</Filter>
    </ClInclude>
    <ClInclude Include="include\server\leveld\LsComputeGroups.h">
      <Filter>Header Files\Server\Leveld</Filter>
    </ClInclude>
    <ClInclude Include="include\server\leveld\LsInputDispatch.h">
      <Filter>Header Files\Server\Leveld</Filter>
    </ClInclude>
    <ClInclude Include="include\server\leveld\LsItemGen.h">
      <Filter>Header Files\Server\Leveld</Filter>
    </ClInclude>
    <ClInclude Include="include\server\leveld\LsLevelSerials.h">
      <Filter>Header Files\Server\Leveld</Filter>
    </ClInclude>
    <ClInclude Include="include\server\leveld\LsLevelState.h">
      <Filter>Header Files\Server\Leveld</Filter>
    </ClInclude>
    <ClInclude Include="include\server\leveld\LsLevelThread.h">
      <Filter>Header Files\Server\Leveld</Filter>
    </ClInclude>
    <ClInclude Include="include\server\leveld\LsMacros.h">
      <Filter>Header Files\Server\Leveld</Filter>
    </ClInclude>
    <ClInclude Include="include\server\leveld\LsMain.h">
      <Filter>Header Files\Server\Leveld</Filter>
    </ClInclude>
    <ClInclude Include="include\server\leveld\LsMessageReader.h">
      <Filter>Header Files\Server\Leveld</Filter>
    </ClInclude>
    <ClInclude Include="include\server\leveld\LsNetworkInput.h">
      <Filter>Header Files\Server\Leveld</Filter>
    </ClInclude>
    <ClInclude Include="include\server\leveld\LsNetworkOutput.h">
      <Filter>Header Files\Server\Leveld</Filter>
    </ClInclude>
    <ClInclude Include="include\server\leveld\LsOutputDispatch.h">
      <Filter>Header Files\Server\Leveld</Filter>
    </ClInclude>
    <ClInclude Include="include\server\leveld\LsPlayer.h">
      <Filter>Header Files\Server\Leveld</Filter>
    </ClInclude>
    <ClInclude Include="include\server\leveld\LsPlayerList.h">
      <Filter>Header Files\Server\Leveld</Filter>
    </ClInclude>
    <ClInclude Include="include\server\leveld\LsPlayerSet.h">
      <Filter>Header Files\Server\Leveld</Filter>
    </ClInclude>
    <ClInclude Include="include\server\leveld\LsPositionThread.h">
      <Filter>Header Files\Server\Leveld</Filter>
    </ClInclude>
    <ClInclude Include="include\server\leveld\LsRoomState.h">
      <Filter>Header Files\Server\Leveld</Filter>
    </ClInclude>
    <ClInclude Include="include\server\leveld\LsRoomThread.h">
      <Filter>Header Files\Server\Leveld</Filter>
    </ClInclude>
    <ClInclude Include="include\server\leveld\LsSignalThread.h">
      <Filter>Header Files\Server\Leveld</Filter>
    </ClInclude>
    <ClInclude Include="include\server\leveld\LsUtil.h">
      <Filter>Header Files\Server\Leveld</Filter>
    </ClInclude>
    <ClInclude Include="include\server\masterd\MsMain.h">
      <Filter>Header Files\Server\Masterd</Filter>
    </ClInclude>
    <ClInclude Include="include\server\masterd\MsServerInfo.h">
      <Filter>Header Files\Server\Masterd</Filter>
    </ClInclude>
    <ClInclude Include="include\core\md5.h">
      <Filter>Header Files\Core</Filter>
    </ClInclude>
    <ClInclude Include="include\core\md5global.h">
      <Filter>Header Files\Core</Filter>
    </ClInclude>
    <ClInclude Include="include\protocol\net\AutoTransport.h">
      <Filter>Header Files\Protocol_Networking\net</Filter>
    </ClInclude>
    <ClInclude Include="include\protocol\net\BinaryReader.h">
      <Filter>Header Files\Protocol_Networking\net</Filter>
    </ClInclude>
    <ClInclude Include="include\protocol\net\BinaryWriter.h">
      <Filter>Header Files\Protocol_Networking\net</Filter>
    </ClInclude>
    <ClInclude Include="include\protocol\net\EnetTransport.h">
      <Filter>Header Files\Protocol_Networking\net</Filter>
    </ClInclude>
    <ClInclude Include="include\protocol\net\GameNet.h">
      <Filter>Header Files\Protocol_Networking\net</Filter>
    </ClInclude>
    <ClInclude Include="include\protocol\net\ITransport.h">
      <Filter>Header Files\Protocol_Networking\net</Filter>
    </ClInclude>
    <ClInclude Include="include\protocol\net\NetTypes.h">
      <Filter>Header Files\Protocol_Networking\net</Filter>
    </ClInclude>
    <ClInclude Include="include\protocol\net\PacketAssembler.h">
      <Filter>Header Files\Protocol_Networking\net</Filter>
    </ClInclude>
    <ClInclude Include="include\protocol\net\PacketEnvelope.h">
      <Filter>Header Files\Protocol_Networking\net</Filter>
    </ClInclude>
    <ClInclude Include="include\protocol\net\SteamTransport.h">
      <Filter>Header Files\Protocol_Networking\net</Filter>
    </ClInclude>
    <ClInclude Include="include\game\Verbs.h">
      <Filter>Header Files\Game</Filter>
    </ClInclude>
    <ClInclude Include="include\game\CommandContext.h">
      <Filter>Header Files\Game</Filter>
    </ClInclude>
    <ClInclude Include="include\game\ServerHandlers.h">
      <Filter>Header Files\Game</Filter>
    </ClInclude>
    <ClInclude Include="include\game\CommandRouter.h">
      <Filter>Header Files\Game</Filter>
    </ClInclude>
    <ClInclude Include="include\platform\Platform.h">
      <Filter>Header Files\Server\Unified_Server</Filter>
    </ClInclude>
    <ClInclude Include="include\platform\win\win_stubs\pthread.h">
      <Filter>Header Files\Platform\Windows\win_stubs</Filter>
    </ClInclude>
    <ClInclude Include="include\platform\win\win_stubs\uninstd.h">
      <Filter>Header Files\Platform\Windows\win_stubs</Filter>
    </ClInclude>
    <ClInclude Include="include\platform\win\win_stubs\unix.h">
      <Filter>Header Files\Platform\Windows\win_stubs</Filter>
    </ClInclude>
    <ClInclude Include="include\game\Logic\AuthLogic.h">
      <Filter>Header Files\Game\Logic</Filter>
    </ClInclude>
    <ClInclude Include="include\protocol\net\PacketManager.h">
      <Filter>Header Files\Protocol_Networking\net</Filter>
    </ClInclude>
    <ClInclude Include="include\protocol\net\NetworkInterface.h">
      <Filter>Header Files\Protocol_Networking\net</Filter>
    </ClInclude>
  </ItemGroup>
  <ItemGroup>
    <ClCompile Include="src\core\LmAssert.cpp">
      <Filter>Source Files\Core</Filter>
    </ClCompile>
    <ClCompile Include="src\core\LmFuncTimer.cpp">
      <Filter>Source Files\Core</Filter>
    </ClCompile>
    <ClCompile Include="src\core\LmLocker.cpp">
      <Filter>Source Files\Core</Filter>
    </ClCompile>
    <ClCompile Include="src\core\LmNew.cpp">
      <Filter>Source Files\Core</Filter>
    </ClCompile>
    <ClCompile Include="src\core\LmRand.cpp">
      <Filter>Source Files\Core</Filter>
    </ClCompile>
    <ClCompile Include="src\core\LmSignalThread.cpp">
      <Filter>Source Files\Core</Filter>
    </ClCompile>
    <ClCompile Include="src\core\LmThread.cpp">
      <Filter>Source Files\Core</Filter>
    </ClCompile>
    <ClCompile Include="src\core\LmThreadMQ.cpp">
      <Filter>Source Files\Core</Filter>
    </ClCompile>
    <ClCompile Include="src\core\LmThreadPool.cpp">
      <Filter>Source Files\Core</Filter>
    </ClCompile>
    <ClCompile Include="src\core\LmTimer.cpp">
      <Filter>Source Files\Core</Filter>
    </ClCompile>
    <ClCompile Include="src\core\LmUtil.cpp">
      <Filter>Source Files\Core</Filter>
    </ClCompile>
    <ClCompile Include="src\core\LnMD5.cpp">
      <Filter>Source Files\Core</Filter>
    </ClCompile>
    <ClCompile Include="src\core\md5.cpp">
      <Filter>Source Files\Core</Filter>
    </ClCompile>
    <ClCompile Include="src\core\PTh.cpp">
      <Filter>Source Files\Core</Filter>
    </ClCompile>
    <ClCompile Include="src\core\PThCond.cpp">
      <Filter>Source Files\Core</Filter>
    </ClCompile>
    <ClCompile Include="src\core\PThAttr.cpp">
      <Filter>Source Files\Core</Filter>
    </ClCompile>
    <ClCompile Include="src\core\PThMutex.cpp">
      <Filter>Source Files\Core</Filter>
    </ClCompile>
    <ClCompile Include="src\db\Gdbm.cpp">
      <Filter>Source Files\Database</Filter>
    </ClCompile>
    <ClCompile Include="src\db\LmBillingDBC.cpp">
      <Filter>Source Files\Database</Filter>
    </ClCompile>
    <ClCompile Include="src\db\LmDatabase.cpp">
      <Filter>Source Files\Database</Filter>
    </ClCompile>
    <ClCompile Include="src\db\LmDatabaseKey.cpp">
      <Filter>Source Files\Database</Filter>
    </ClCompile>
    <ClCompile Include="src\db\LmPlayerDB.cpp">
      <Filter>Source Files\Database</Filter>
    </ClCompile>
    <ClCompile Include="src\db\LmPlayerDBC.cpp">
      <Filter>Source Files\Database</Filter>
    </ClCompile>
    <ClCompile Include="src\db\LmPlayerDBF.cpp">
      <Filter>Source Files\Database</Filter>
    </ClCompile>
    <ClCompile Include="src\db\LmRoomDB.cpp">
      <Filter>Source Files\Database</Filter>
    </ClCompile>
    <ClCompile Include="src\db\LmServerDBC.cpp">
      <Filter>Source Files\Database</Filter>
    </ClCompile>
    <ClCompile Include="src\db\LmItemDBC.cpp">
      <Filter>Source Files\Database</Filter>
    </ClCompile>
    <ClCompile Include="src\db\LmItemGenDB.cpp">
      <Filter>Source Files\Database</Filter>
    </ClCompile>
    <ClCompile Include="src\db\LmGlobalDB.cpp">
      <Filter>Source Files\Database</Filter>
    </ClCompile>
    <ClCompile Include="src\db\LmLevelDBC.cpp">
      <Filter>Source Files\Database</Filter>
    </ClCompile>
    <ClCompile Include="src\game\LmArts.cpp">
      <Filter>Source Files\Game</Filter>
    </ClCompile>
    <ClCompile Include="src\game\LmAvatar.cpp">
      <Filter>Source Files\Game</Filter>
    </ClCompile>
    <ClCompile Include="src\game\LmGoalInfo.cpp">
      <Filter>Source Files\Game</Filter>
    </ClCompile>
    <ClCompile Include="src\game\LmIdSet.cpp">
      <Filter>Source Files\Game</Filter>
    </ClCompile>
    <ClCompile Include="src\game\LmInventory.cpp">
      <Filter>Source Files\Game</Filter>
    </ClCompile>
    <ClCompile Include="src\game\LmItem.cpp">
      <Filter>Source Files\Game</Filter>
    </ClCompile>
    <ClCompile Include="src\game\LmItemDefs.cpp">
      <Filter>Source Files\Game</Filter>
    </ClCompile>
    <ClCompile Include="src\game\LmItemGen.cpp">
      <Filter>Source Files\Game</Filter>
    </ClCompile>
    <ClCompile Include="src\game\LmItemGenColors.cpp">
      <Filter>Source Files\Game</Filter>
    </ClCompile>
    <ClCompile Include="src\game\LmItemHdr.cpp">
      <Filter>Source Files\Game</Filter>
    </ClCompile>
    <ClCompile Include="src\game\LmLog.cpp">
      <Filter>Source Files\Game</Filter>
    </ClCompile>
    <ClCompile Include="src\game\LmLogFile.cpp">
      <Filter>Source Files\Game</Filter>
    </ClCompile>
    <ClCompile Include="src\game\LmLogSyslog.cpp">
      <Filter>Source Files\Game</Filter>
    </ClCompile>
    <ClCompile Include="src\game\LmParty.cpp">
      <Filter>Source Files\Game</Filter>
    </ClCompile>
    <ClCompile Include="src\game\LmPlayerNameMap.cpp">
      <Filter>Source Files\Game</Filter>
    </ClCompile>
    <ClCompile Include="src\game\LmPosition.cpp">
      <Filter>Source Files\Game</Filter>
    </ClCompile>
    <ClCompile Include="src\game\LmRoomItem.cpp">
      <Filter>Source Files\Game</Filter>
    </ClCompile>
    <ClCompile Include="src\game\LmStats.cpp">
      <Filter>Source Files\Game</Filter>
    </ClCompile>
    <ClCompile Include="src\db\LmGuildDBC.cpp">
      <Filter>Source Files\Database</Filter>
    </ClCompile>
    <ClCompile Include="src\protocol\LmBit32.cpp">
      <Filter>Source Files\Protocol_Networking</Filter>
    </ClCompile>
    <ClCompile Include="src\protocol\LmConnection.cpp">
      <Filter>Source Files\Protocol_Networking</Filter>
    </ClCompile>
    <ClCompile Include="src\protocol\LmConnectionSet.cpp">
      <Filter>Source Files\Protocol_Networking</Filter>
    </ClCompile>
    <ClCompile Include="src\protocol\LmConnectionSetImp.cpp">
      <Filter>Source Files\Protocol_Networking</Filter>
    </ClCompile>
    <ClCompile Include="src\protocol\LmDispatch.cpp">
      <Filter>Source Files\Protocol_Networking</Filter>
    </ClCompile>
    <ClCompile Include="src\protocol\LmMesg.cpp">
      <Filter>Source Files\Protocol_Networking</Filter>
    </ClCompile>
    <ClCompile Include="src\protocol\LmMesgBuf.cpp">
      <Filter>Source Files\Protocol_Networking</Filter>
    </ClCompile>
    <ClCompile Include="src\protocol\LmMesgBufPool.cpp">
      <Filter>Source Files\Protocol_Networking</Filter>
    </ClCompile>
    <ClCompile Include="src\protocol\LmMesgBufPoolImp.cpp">
      <Filter>Source Files\Protocol_Networking</Filter>
    </ClCompile>
    <ClCompile Include="src\protocol\LmMesgHdr.cpp">
      <Filter>Source Files\Protocol_Networking</Filter>
    </ClCompile>
    <ClCompile Include="src\protocol\LmMessageReader.cpp">
      <Filter>Source Files\Protocol_Networking</Filter>
    </ClCompile>
    <ClCompile Include="src\protocol\LmNetworkInput.cpp">
      <Filter>Source Files\Protocol_Networking</Filter>
    </ClCompile>
    <ClCompile Include="src\protocol\LmNetworkOutput.cpp">
      <Filter>Source Files\Protocol_Networking</Filter>
    </ClCompile>
    <ClCompile Include="src\protocol\LmPeerUpdate.cpp">
      <Filter>Source Files\Protocol_Networking</Filter>
    </ClCompile>
    <ClCompile Include="src\protocol\LmSockAddr.cpp">
      <Filter>Source Files\Protocol_Networking</Filter>
    </ClCompile>
    <ClCompile Include="src\protocol\LmSockAddrInet.cpp">
      <Filter>Source Files\Protocol_Networking</Filter>
    </ClCompile>
    <ClCompile Include="src\protocol\LmSocket.cpp">
      <Filter>Source Files\Protocol_Networking</Filter>
    </ClCompile>
    <ClCompile Include="src\protocol\LmSockType.cpp">
      <Filter>Source Files\Protocol_Networking</Filter>
    </ClCompile>
    <ClCompile Include="src\protocol\LmSrvMesgBuf.cpp">
      <Filter>Source Files\Protocol_Networking</Filter>
    </ClCompile>
    <ClCompile Include="src\protocol\LyraMessage.cpp">
      <Filter>Source Files\Protocol_Networking</Filter>
    </ClCompile>
    <ClCompile Include="src\protocol\GMsg\GMsg_AgentLogin.cpp">
      <Filter>Source Files\Protocol_Networking\GMsg</Filter>
    </ClCompile>
    <ClCompile Include="src\protocol\GMsg\GMsg_ChangeAvatar.cpp">
      <Filter>Source Files\Protocol_Networking\GMsg</Filter>
    </ClCompile>
    <ClCompile Include="src\protocol\GMsg\GMsg_ChangeStat.cpp">
      <Filter>Source Files\Protocol_Networking\GMsg</Filter>
    </ClCompile>
    <ClCompile Include="src\protocol\GMsg\GMsg_CreateItem.cpp">
      <Filter>Source Files\Protocol_Networking\GMsg</Filter>
    </ClCompile>
    <ClCompile Include="src\protocol\GMsg\GMsg_DestroyItem.cpp">
      <Filter>Source Files\Protocol_Networking\GMsg</Filter>
    </ClCompile>
    <ClCompile Include="src\protocol\GMsg\GMsg_DestroyRoomItem.cpp">
      <Filter>Source Files\Protocol_Networking\GMsg</Filter>
    </ClCompile>
    <ClCompile Include="src\protocol\GMsg\GMsg_Error.cpp">
      <Filter>Source Files\Protocol_Networking\GMsg</Filter>
    </ClCompile>
    <ClCompile Include="src\protocol\GMsg\GMsg_GetGoalHdrs.cpp">
      <Filter>Source Files\Protocol_Networking\GMsg</Filter>
    </ClCompile>
    <ClCompile Include="src\protocol\GMsg\GMsg_GetItem.cpp">
      <Filter>Source Files\Protocol_Networking\GMsg</Filter>
    </ClCompile>
    <ClCompile Include="src\protocol\GMsg\GMsg_GetItemDescription.cpp">
      <Filter>Source Files\Protocol_Networking\GMsg</Filter>
    </ClCompile>
    <ClCompile Include="src\protocol\GMsg\GMsg_GetLevelPlayers.cpp">
      <Filter>Source Files\Protocol_Networking\GMsg</Filter>
    </ClCompile>
    <ClCompile Include="src\protocol\GMsg\GMsg_GetPlayerName.cpp">
      <Filter>Source Files\Protocol_Networking\GMsg</Filter>
    </ClCompile>
    <ClCompile Include="src\protocol\GMsg\GMsg_GetReportHdrs.cpp">
      <Filter>Source Files\Protocol_Networking\GMsg</Filter>
    </ClCompile>
    <ClCompile Include="src\protocol\GMsg\GMsg_GiveItem.cpp">
      <Filter>Source Files\Protocol_Networking\GMsg</Filter>
    </ClCompile>
    <ClCompile Include="src\protocol\GMsg\GMsg_GiveItemAck.cpp">
      <Filter>Source Files\Protocol_Networking\GMsg</Filter>
    </ClCompile>
    <ClCompile Include="src\protocol\GMsg\GMsg_Goal.cpp">
      <Filter>Source Files\Protocol_Networking\GMsg</Filter>
    </ClCompile>
    <ClCompile Include="src\protocol\GMsg\GMsg_GrantPPoint.cpp">
      <Filter>Source Files\Protocol_Networking\GMsg</Filter>
    </ClCompile>
    <ClCompile Include="src\protocol\GMsg\GMsg_GotoLevel.cpp">
      <Filter>Source Files\Protocol_Networking\GMsg</Filter>
    </ClCompile>
    <ClCompile Include="src\protocol\GMsg\GMsg_ItemDescription.cpp">
      <Filter>Source Files\Protocol_Networking\GMsg</Filter>
    </ClCompile>
    <ClCompile Include="src\protocol\GMsg\GMsg_ItemDrop.cpp">
      <Filter>Source Files\Protocol_Networking\GMsg</Filter>
    </ClCompile>
    <ClCompile Include="src\protocol\GMsg\GMsg_ItemPickup.cpp">
      <Filter>Source Files\Protocol_Networking\GMsg</Filter>
    </ClCompile>
    <ClCompile Include="src\protocol\GMsg\GMsg_LevelPlayers.cpp">
      <Filter>Source Files\Protocol_Networking\GMsg</Filter>
    </ClCompile>
    <ClCompile Include="src\protocol\GMsg\GMsg_LocateAvatar.cpp">
      <Filter>Source Files\Protocol_Networking\GMsg</Filter>
    </ClCompile>
    <ClCompile Include="src\protocol\GMsg\GMsg_LocateAvatarAck.cpp">
      <Filter>Source Files\Protocol_Networking\GMsg</Filter>
    </ClCompile>
    <ClCompile Include="src\protocol\GMsg\GMsg_LocateMaresAck.cpp">
      <Filter>Source Files\Protocol_Networking\GMsg</Filter>
    </ClCompile>
    <ClCompile Include="src\protocol\GMsg\GMsg_LocateNewliesAck.cpp">
      <Filter>Source Files\Protocol_Networking\GMsg</Filter>
    </ClCompile>
    <ClCompile Include="src\protocol\GMsg\GMsg_Login.cpp">
      <Filter>Source Files\Protocol_Networking\GMsg</Filter>
    </ClCompile>
    <ClCompile Include="src\protocol\GMsg\GMsg_LoginAck.cpp">
      <Filter>Source Files\Protocol_Networking\GMsg</Filter>
    </ClCompile>
    <ClCompile Include="src\protocol\GMsg\GMsg_Logout.cpp">
      <Filter>Source Files\Protocol_Networking\GMsg</Filter>
    </ClCompile>
    <ClCompile Include="src\protocol\GMsg\GMsg_Ping.cpp">
      <Filter>Source Files\Protocol_Networking\GMsg</Filter>
    </ClCompile>
    <ClCompile Include="src\protocol\GMsg\GMsg_PostGoal.cpp">
      <Filter>Source Files\Protocol_Networking\GMsg</Filter>
    </ClCompile>
    <ClCompile Include="src\protocol\GMsg\GMsg_PostReport.cpp">
      <Filter>Source Files\Protocol_Networking\GMsg</Filter>
    </ClCompile>
    <ClCompile Include="src\protocol\GMsg\GMsg_PPointAck.cpp">
      <Filter>Source Files\Protocol_Networking\GMsg</Filter>
    </ClCompile>
    <ClCompile Include="src\protocol\GMsg\GMsg_PreLogin.cpp">
      <Filter>Source Files\Protocol_Networking\GMsg</Filter>
    </ClCompile>
    <ClCompile Include="src\protocol\GMsg\GMsg_PreLoginAck.cpp">
      <Filter>Source Files\Protocol_Networking\GMsg</Filter>
    </ClCompile>
    <ClCompile Include="src\protocol\GMsg\GMsg_PutItem.cpp">
      <Filter>Source Files\Protocol_Networking\GMsg</Filter>
    </ClCompile>
    <ClCompile Include="src\protocol\GMsg\GMsg_RcvGoalbookHdr.cpp">
      <Filter>Source Files\Protocol_Networking\GMsg</Filter>
    </ClCompile>
    <ClCompile Include="src\protocol\GMsg\GMsg_RcvGoalDetails.cpp">
      <Filter>Source Files\Protocol_Networking\GMsg</Filter>
    </ClCompile>
    <ClCompile Include="src\protocol\GMsg\GMsg_RcvGoalHdr.cpp">
      <Filter>Source Files\Protocol_Networking\GMsg</Filter>
    </ClCompile>
    <ClCompile Include="src\protocol\GMsg\GMsg_RcvGoalText.cpp">
      <Filter>Source Files\Protocol_Networking\GMsg</Filter>
    </ClCompile>
    <ClCompile Include="src\protocol\GMsg\GMsg_RcvPlayerName.cpp">
      <Filter>Source Files\Protocol_Networking\GMsg</Filter>
    </ClCompile>
    <ClCompile Include="src\protocol\GMsg\GMsg_RcvReportGoals.cpp">
      <Filter>Source Files\Protocol_Networking\GMsg</Filter>
    </ClCompile>
    <ClCompile Include="src\protocol\GMsg\GMsg_RcvReportHdr.cpp">
      <Filter>Source Files\Protocol_Networking\GMsg</Filter>
    </ClCompile>
    <ClCompile Include="src\protocol\GMsg\GMsg_RcvReportText.cpp">
      <Filter>Source Files\Protocol_Networking\GMsg</Filter>
    </ClCompile>
    <ClCompile Include="src\protocol\GMsg\GMsg_SenseDreamersAck.cpp">
      <Filter>Source Files\Protocol_Networking\GMsg</Filter>
    </ClCompile>
    <ClCompile Include="src\protocol\GMsg\GMsg_ServerDown.cpp">
      <Filter>Source Files\Protocol_Networking\GMsg</Filter>
    </ClCompile>
    <ClCompile Include="src\protocol\GMsg\GMsg_SetAvatarDescription.cpp">
      <Filter>Source Files\Protocol_Networking\GMsg</Filter>
    </ClCompile>
    <ClCompile Include="src\protocol\GMsg\GMsg_ShowItem.cpp">
      <Filter>Source Files\Protocol_Networking\GMsg</Filter>
    </ClCompile>
    <ClCompile Include="src\protocol\GMsg\GMsg_SummonAvatar.cpp">
      <Filter>Source Files\Protocol_Networking\GMsg</Filter>
    </ClCompile>
    <ClCompile Include="src\protocol\GMsg\GMsg_SummonAvatarAck.cpp">
      <Filter>Source Files\Protocol_Networking\GMsg</Filter>
    </ClCompile>
    <ClCompile Include="src\protocol\GMsg\GMsg_TakeItem.cpp">
      <Filter>Source Files\Protocol_Networking\GMsg</Filter>
    </ClCompile>
    <ClCompile Include="src\protocol\GMsg\GMsg_TakeItemAck.cpp">
      <Filter>Source Files\Protocol_Networking\GMsg</Filter>
    </ClCompile>
    <ClCompile Include="src\protocol\GMsg\GMsg_UpdateItem.cpp">
      <Filter>Source Files\Protocol_Networking\GMsg</Filter>
    </ClCompile>
    <ClCompile Include="src\protocol\GMsg\GMsg_UpdateStats.cpp">
      <Filter>Source Files\Protocol_Networking\GMsg</Filter>
    </ClCompile>
    <ClCompile Include="src\protocol\GMsg\GMsg_UsePPoint.cpp">
      <Filter>Source Files\Protocol_Networking\GMsg</Filter>
    </ClCompile>
    <ClCompile Include="src\protocol\GMsg\GMsg_ViewItem.cpp">
      <Filter>Source Files\Protocol_Networking\GMsg</Filter>
    </ClCompile>
    <ClCompile Include="src\protocol\SMsg\SMsg_ConnStatus.cpp">
      <Filter>Source Files\Protocol_Networking\SMsg</Filter>
    </ClCompile>
    <ClCompile Include="src\protocol\SMsg\SMsg_DBQuery.cpp">
      <Filter>Source Files\Protocol_Networking\SMsg</Filter>
    </ClCompile>
    <ClCompile Include="src\protocol\SMsg\SMsg_DBQueryAck.cpp">
      <Filter>Source Files\Protocol_Networking\SMsg</Filter>
    </ClCompile>
    <ClCompile Include="src\protocol\SMsg\SMsg_DestroyRoomItem.cpp">
      <Filter>Source Files\Protocol_Networking\SMsg</Filter>
    </ClCompile>
    <ClCompile Include="src\protocol\SMsg\SMsg_DS_Action.cpp">
      <Filter>Source Files\Protocol_Networking\SMsg</Filter>
    </ClCompile>
    <ClCompile Include="src\protocol\SMsg\SMsg_DumpState.cpp">
      <Filter>Source Files\Protocol_Networking\SMsg</Filter>
    </ClCompile>
    <ClCompile Include="src\protocol\SMsg\SMsg_Error.cpp">
      <Filter>Source Files\Protocol_Networking\SMsg</Filter>
    </ClCompile>
    <ClCompile Include="src\protocol\SMsg\SMsg_GetItem.cpp">
      <Filter>Source Files\Protocol_Networking\SMsg</Filter>
    </ClCompile>
    <ClCompile Include="src\protocol\SMsg\SMsg_GetLevelPlayers.cpp">
      <Filter>Source Files\Protocol_Networking\SMsg</Filter>
    </ClCompile>
    <ClCompile Include="src\protocol\SMsg\SMsg_GetServerStatus.cpp">
      <Filter>Source Files\Protocol_Networking\SMsg</Filter>
    </ClCompile>
    <ClCompile Include="src\protocol\SMsg\SMsg_GiveItem.cpp">
      <Filter>Source Files\Protocol_Networking\SMsg</Filter>
    </ClCompile>
    <ClCompile Include="src\protocol\SMsg\SMsg_GiveItemAck.cpp">
      <Filter>Source Files\Protocol_Networking\SMsg</Filter>
    </ClCompile>
    <ClCompile Include="src\protocol\SMsg\SMsg_GS_Action.cpp">
      <Filter>Source Files\Protocol_Networking\SMsg</Filter>
    </ClCompile>
    <ClCompile Include="src\protocol\SMsg\SMsg_GS_Login.cpp">
      <Filter>Source Files\Protocol_Networking\SMsg</Filter>
    </ClCompile>
    <ClCompile Include="src\protocol\SMsg\SMsg_GS_Logout.cpp">
      <Filter>Source Files\Protocol_Networking\SMsg</Filter>
    </ClCompile>
    <ClCompile Include="src\protocol\SMsg\SMsg_ItemDrop.cpp">
      <Filter>Source Files\Protocol_Networking\SMsg</Filter>
    </ClCompile>
    <ClCompile Include="src\protocol\SMsg\SMsg_ItemPickup.cpp">
      <Filter>Source Files\Protocol_Networking\SMsg</Filter>
    </ClCompile>
    <ClCompile Include="src\protocol\SMsg\SMsg_LevelLogin.cpp">
      <Filter>Source Files\Protocol_Networking\SMsg</Filter>
    </ClCompile>
    <ClCompile Include="src\protocol\SMsg\SMsg_LocateAvatar.cpp">
      <Filter>Source Files\Protocol_Networking\SMsg</Filter>
    </ClCompile>
    <ClCompile Include="src\protocol\SMsg\SMsg_Login.cpp">
      <Filter>Source Files\Protocol_Networking\SMsg</Filter>
    </ClCompile>
    <ClCompile Include="src\protocol\SMsg\SMsg_Logout.cpp">
      <Filter>Source Files\Protocol_Networking\SMsg</Filter>
    </ClCompile>
    <ClCompile Include="src\protocol\SMsg\SMsg_LS_Action.cpp">
      <Filter>Source Files\Protocol_Networking\SMsg</Filter>
    </ClCompile>
    <ClCompile Include="src\protocol\SMsg\SMsg_LS_Login.cpp">
      <Filter>Source Files\Protocol_Networking\SMsg</Filter>
    </ClCompile>
    <ClCompile Include="src\protocol\SMsg\SMsg_PartyLeader.cpp">
      <Filter>Source Files\Protocol_Networking\SMsg</Filter>
    </ClCompile>
    <ClCompile Include="src\protocol\SMsg\SMsg_Ping.cpp">
      <Filter>Source Files\Protocol_Networking\SMsg</Filter>
    </ClCompile>
    <ClCompile Include="src\protocol\SMsg\SMsg_PlayerStatus.cpp">
      <Filter>Source Files\Protocol_Networking\SMsg</Filter>
    </ClCompile>
    <ClCompile Include="src\protocol\SMsg\SMsg_Proxy.cpp">
      <Filter>Source Files\Protocol_Networking\SMsg</Filter>
    </ClCompile>
    <ClCompile Include="src\protocol\SMsg\SMsg_PutItem.cpp">
      <Filter>Source Files\Protocol_Networking\SMsg</Filter>
    </ClCompile>
    <ClCompile Include="src\protocol\SMsg\SMsg_RecvMesg.cpp">
      <Filter>Source Files\Protocol_Networking\SMsg</Filter>
    </ClCompile>
    <ClCompile Include="src\protocol\SMsg\SMsg_ResetPort.cpp">
      <Filter>Source Files\Protocol_Networking\SMsg</Filter>
    </ClCompile>
    <ClCompile Include="src\protocol\SMsg\SMsg_RotateLogs.cpp">
      <Filter>Source Files\Protocol_Networking\SMsg</Filter>
    </ClCompile>
    <ClCompile Include="src\protocol\SMsg\SMsg_SendMesg.cpp">
      <Filter>Source Files\Protocol_Networking\SMsg</Filter>
    </ClCompile>
    <ClCompile Include="src\protocol\SMsg\SMsg_ServerStatus.cpp">
      <Filter>Source Files\Protocol_Networking\SMsg</Filter>
    </ClCompile>
    <ClCompile Include="src\protocol\SMsg\SMsg_SetAvatarDescription.cpp">
      <Filter>Source Files\Protocol_Networking\SMsg</Filter>
    </ClCompile>
    <ClCompile Include="src\protocol\SMsg\SMsg_ShowItem.cpp">
      <Filter>Source Files\Protocol_Networking\SMsg</Filter>
    </ClCompile>
    <ClCompile Include="src\protocol\SMsg\SMsg_TakeItemAck.cpp">
      <Filter>Source Files\Protocol_Networking\SMsg</Filter>
    </ClCompile>
    <ClCompile Include="src\protocol\SMsg\SMsg_UniverseBroadcast.cpp">
      <Filter>Source Files\Protocol_Networking\SMsg</Filter>
    </ClCompile>
    <ClCompile Include="src\protocol\RMsg\RmRemotePlayer.cpp">
      <Filter>Source Files\Protocol_Networking\RMsg</Filter>
    </ClCompile>
    <ClCompile Include="src\protocol\RMsg\RMsg_ChangeAvatar.cpp">
      <Filter>Source Files\Protocol_Networking\RMsg</Filter>
    </ClCompile>
    <ClCompile Include="src\protocol\RMsg\RMsg_CupSummons.cpp">
      <Filter>Source Files\Protocol_Networking\RMsg</Filter>
    </ClCompile>
    <ClCompile Include="src\protocol\RMsg\RMsg_EnterRoom.cpp">
      <Filter>Source Files\Protocol_Networking\RMsg</Filter>
    </ClCompile>
    <ClCompile Include="src\protocol\RMsg\RMsg_Error.cpp">
      <Filter>Source Files\Protocol_Networking\RMsg</Filter>
    </ClCompile>
    <ClCompile Include="src\protocol\RMsg\RMsg_GetAvatarDescription.cpp">
      <Filter>Source Files\Protocol_Networking\RMsg</Filter>
    </ClCompile>
    <ClCompile Include="src\protocol\RMsg\RMsg_GetRoomDescription.cpp">
      <Filter>Source Files\Protocol_Networking\RMsg</Filter>
    </ClCompile>
    <ClCompile Include="src\protocol\RMsg\RMsg_GotoRoom.cpp">
      <Filter>Source Files\Protocol_Networking\RMsg</Filter>
    </ClCompile>
    <ClCompile Include="src\protocol\RMsg\RMsg_ItemDrop.cpp">
      <Filter>Source Files\Protocol_Networking\RMsg</Filter>
    </ClCompile>
    <ClCompile Include="src\protocol\RMsg\RMsg_ItemHdrDrop.cpp">
      <Filter>Source Files\Protocol_Networking\RMsg</Filter>
    </ClCompile>
    <ClCompile Include="src\protocol\RMsg\RMsg_ItemPickup.cpp">
      <Filter>Source Files\Protocol_Networking\RMsg</Filter>
    </ClCompile>
    <ClCompile Include="src\protocol\RMsg\RMsg_JoinedParty.cpp">
      <Filter>Source Files\Protocol_Networking\RMsg</Filter>
    </ClCompile>
    <ClCompile Include="src\protocol\RMsg\RMsg_LeaveRoom.cpp">
      <Filter>Source Files\Protocol_Networking\RMsg</Filter>
    </ClCompile>
    <ClCompile Include="src\protocol\RMsg\RMsg_LoginAck.cpp">
      <Filter>Source Files\Protocol_Networking\RMsg</Filter>
    </ClCompile>
    <ClCompile Include="src\protocol\RMsg\RMsg_Logout.cpp">
      <Filter>Source Files\Protocol_Networking\RMsg</Filter>
    </ClCompile>
    <ClCompile Include="src\protocol\RMsg\RMsg_NewlyAwakened.cpp">
      <Filter>Source Files\Protocol_Networking\RMsg</Filter>
    </ClCompile>
    <ClCompile Include="src\protocol\RMsg\RMsg_Party.cpp">
      <Filter>Source Files\Protocol_Networking\RMsg</Filter>
    </ClCompile>
    <ClCompile Include="src\protocol\RMsg\RMsg_PartyInfo.cpp">
      <Filter>Source Files\Protocol_Networking\RMsg</Filter>
    </ClCompile>
    <ClCompile Include="src\protocol\RMsg\RMsg_Ping.cpp">
      <Filter>Source Files\Protocol_Networking\RMsg</Filter>
    </ClCompile>
    <ClCompile Include="src\protocol\RMsg\RMsg_PlayerMsg.cpp">
      <Filter>Source Files\Protocol_Networking\RMsg</Filter>
    </ClCompile>
    <ClCompile Include="src\protocol\RMsg\RMsg_PlayerUpdate.cpp">
      <Filter>Source Files\Protocol_Networking\RMsg</Filter>
    </ClCompile>
    <ClCompile Include="src\protocol\RMsg\RMsg_RcvAvatarDescription.cpp">
      <Filter>Source Files\Protocol_Networking\RMsg</Filter>
    </ClCompile>
    <ClCompile Include="src\protocol\RMsg\RMsg_RoomDescription.cpp">
      <Filter>Source Files\Protocol_Networking\RMsg</Filter>
    </ClCompile>
    <ClCompile Include="src\protocol\RMsg\RMsg_RoomLoginAck.cpp">
      <Filter>Source Files\Protocol_Networking\RMsg</Filter>
    </ClCompile>
    <ClCompile Include="src\protocol\RMsg\RMsg_Speech.cpp">
      <Filter>Source Files\Protocol_Networking\RMsg</Filter>
    </ClCompile>
    <ClCompile Include="src\protocol\RMsg\RMsg_Update.cpp">
      <Filter>Source Files\Protocol_Networking\RMsg</Filter>
    </ClCompile>
    <ClCompile Include="src\server\gamed\GsForwardThread.cpp">
      <Filter>Source Files\Server\Gamed</Filter>
    </ClCompile>
    <ClCompile Include="src\server\gamed\GsGameThread.cpp">
      <Filter>Source Files\Server\Gamed</Filter>
    </ClCompile>
    <ClCompile Include="src\server\gamed\GsInputDispatch.cpp">
      <Filter>Source Files\Server\Gamed</Filter>
    </ClCompile>
    <ClCompile Include="src\server\gamed\GsLevelSet.cpp">
      <Filter>Source Files\Server\Gamed</Filter>
    </ClCompile>
    <ClCompile Include="src\server\gamed\GsMain.cpp">
      <Filter>Source Files\Server\Gamed</Filter>
    </ClCompile>
    <ClCompile Include="src\server\gamed\GsMessageReader.cpp">
      <Filter>Source Files\Server\Gamed</Filter>
    </ClCompile>
    <ClCompile Include="src\server\gamed\GsNetworkInput.cpp">
      <Filter>Source Files\Server\Gamed</Filter>
    </ClCompile>
    <ClCompile Include="src\server\gamed\GsNetworkOutput.cpp">
      <Filter>Source Files\Server\Gamed</Filter>
    </ClCompile>
    <ClCompile Include="src\server\gamed\GsOutputDispatch.cpp">
      <Filter>Source Files\Server\Gamed</Filter>
    </ClCompile>
    <ClCompile Include="src\server\gamed\GsPlayer.cpp">
      <Filter>Source Files\Server\Gamed</Filter>
    </ClCompile>
    <ClCompile Include="src\server\gamed\GsPlayer2.cpp">
      <Filter>Source Files\Server\Gamed</Filter>
    </ClCompile>
    <ClCompile Include="src\server\gamed\GsPlayer1.cpp">
      <Filter>Source Files\Server\Gamed</Filter>
    </ClCompile>
    <ClCompile Include="src\server\gamed\GsPlayer3.cpp">
      <Filter>Source Files\Server\Gamed</Filter>
    </ClCompile>
    <ClCompile Include="src\server\gamed\GsPlayer4.cpp">
      <Filter>Source Files\Server\Gamed</Filter>
    </ClCompile>
    <ClCompile Include="src\server\gamed\GsPlayerSet.cpp">
      <Filter>Source Files\Server\Gamed</Filter>
    </ClCompile>
    <ClCompile Include="src\server\gamed\GsPlayerThread.cpp">
      <Filter>Source Files\Server\Gamed</Filter>
    </ClCompile>
    <ClCompile Include="src\server\gamed\GsPlayerThread1.cpp">
      <Filter>Source Files\Server\Gamed</Filter>
    </ClCompile>
    <ClCompile Include="src\server\gamed\GsPlayerThread3.cpp">
      <Filter>Source Files\Server\Gamed</Filter>
    </ClCompile>
    <ClCompile Include="src\server\gamed\GsPlayerThread2.cpp">
      <Filter>Source Files\Server\Gamed</Filter>
    </ClCompile>
    <ClCompile Include="src\server\gamed\GsPlayerThread4.cpp">
      <Filter>Source Files\Server\Gamed</Filter>
    </ClCompile>
    <ClCompile Include="src\server\gamed\GsPlayerThreadSet.cpp">
      <Filter>Source Files\Server\Gamed</Filter>
    </ClCompile>
    <ClCompile Include="src\server\gamed\GsPositionThread.cpp">
      <Filter>Source Files\Server\Gamed</Filter>
    </ClCompile>
    <ClCompile Include="src\server\gamed\GsSignalThread.cpp">
      <Filter>Source Files\Server\Gamed</Filter>
    </ClCompile>
    <ClCompile Include="src\server\gamed\GsUtil.cpp">
      <Filter>Source Files\Server\Gamed</Filter>
    </ClCompile>
    <ClCompile Include="src\server\gamed\Main_Gamed .cpp">
      <Filter>Source Files\Server\Gamed</Filter>
    </ClCompile>
    <ClCompile Include="src\server\leveld\LsCodexText.cpp">
      <Filter>Source Files\Server\Leveld</Filter>
    </ClCompile>
    <ClCompile Include="src\server\leveld\LsComputeGroups.cpp">
      <Filter>Source Files\Server\Leveld</Filter>
    </ClCompile>
    <ClCompile Include="src\server\leveld\LsInputDispatch.cpp">
      <Filter>Source Files\Server\Leveld</Filter>
    </ClCompile>
    <ClCompile Include="src\server\leveld\LsItemGen.cpp">
      <Filter>Source Files\Server\Leveld</Filter>
    </ClCompile>
    <ClCompile Include="src\server\leveld\LsLevelSerials.cpp">
      <Filter>Source Files\Server\Leveld</Filter>
    </ClCompile>
    <ClCompile Include="src\server\leveld\LsLevelState.cpp">
      <Filter>Source Files\Server\Leveld</Filter>
    </ClCompile>
    <ClCompile Include="src\server\leveld\LsLevelThread.cpp">
      <Filter>Source Files\Server\Leveld</Filter>
    </ClCompile>
    <ClCompile Include="src\server\leveld\LsMain.cpp">
      <Filter>Source Files\Server\Leveld</Filter>
    </ClCompile>
    <ClCompile Include="src\server\leveld\LsMessageReader.cpp">
      <Filter>Source Files\Server\Leveld</Filter>
    </ClCompile>
    <ClCompile Include="src\server\leveld\LsNetworkInput.cpp">
      <Filter>Source Files\Server\Leveld</Filter>
    </ClCompile>
    <ClCompile Include="src\server\leveld\LsNetworkOutput.cpp">
      <Filter>Source Files\Server\Leveld</Filter>
    </ClCompile>
    <ClCompile Include="src\server\leveld\LsOutputDispatch.cpp">
      <Filter>Source Files\Server\Leveld</Filter>
    </ClCompile>
    <ClCompile Include="src\server\leveld\LsPlayer.cpp">
      <Filter>Source Files\Server\Leveld</Filter>
    </ClCompile>
    <ClCompile Include="src\server\leveld\LsPlayerSet.cpp">
      <Filter>Source Files\Server\Leveld</Filter>
    </ClCompile>
    <ClCompile Include="src\server\leveld\LsPositionThread.cpp">
      <Filter>Source Files\Server\Leveld</Filter>
    </ClCompile>
    <ClCompile Include="src\server\leveld\LsRoomState.cpp">
      <Filter>Source Files\Server\Leveld</Filter>
    </ClCompile>
    <ClCompile Include="src\server\leveld\LsRoomThread.cpp">
      <Filter>Source Files\Server\Leveld</Filter>
    </ClCompile>
    <ClCompile Include="src\server\leveld\LsRoomThread1.cpp">
      <Filter>Source Files\Server\Leveld</Filter>
    </ClCompile>
    <ClCompile Include="src\server\leveld\LsRoomThread2.cpp">
      <Filter>Source Files\Server\Leveld</Filter>
    </ClCompile>
    <ClCompile Include="src\server\leveld\LsRoomThread3.cpp">
      <Filter>Source Files\Server\Leveld</Filter>
    </ClCompile>
    <ClCompile Include="src\server\leveld\LsSignalThread.cpp">
      <Filter>Source Files\Server\Leveld</Filter>
    </ClCompile>
    <ClCompile Include="src\server\leveld\LsUtil.cpp">
      <Filter>Source Files\Server\Leveld</Filter>
    </ClCompile>
    <ClCompile Include="src\server\leveld\Main_leveld.cpp">
      <Filter>Source Files\Server\Leveld</Filter>
    </ClCompile>
    <ClCompile Include="src\server\masterd\Main_Masterd.cpp">
      <Filter>Source Files\Server\Masterd</Filter>
    </ClCompile>
    <ClCompile Include="src\server\masterd\MsMain.cpp">
      <Filter>Source Files\Server\Masterd</Filter>
    </ClCompile>
    <ClCompile Include="src\server\masterd\MsServerInfo.cpp">
      <Filter>Source Files\Server\Masterd</Filter>
    </ClCompile>
    <ClCompile Include="src\protocol\net\EnetTransport.cpp">
      <Filter>Source Files\Protocol_Networking\net</Filter>
    </ClCompile>
    <ClCompile Include="src\protocol\net\GameNet.cpp">
      <Filter>Source Files\Protocol_Networking\net</Filter>
    </ClCompile>
    <ClCompile Include="src\protocol\net\SteamTransport.cpp">
      <Filter>Source Files\Protocol_Networking\net</Filter>
    </ClCompile>
    <ClCompile Include="src\game\ServerHandlers.cpp">
      <Filter>Source Files\Game</Filter>
    </ClCompile>
    <ClCompile Include="src\protocol\net\AutoTransport.cpp">
      <Filter>Source Files\Protocol_Networking\net</Filter>
    </ClCompile>
    <ClCompile Include="src\protocol\net\PacketAssembler.cpp">
      <Filter>Source Files\Protocol_Networking\net</Filter>
    </ClCompile>
    <ClCompile Include="src\server\Unified_Server\main.cpp">
      <Filter>Source Files\Server\Unified_Server</Filter>
    </ClCompile>
    <ClCompile Include="src\game\Logic\AuthLogic.cpp">
      <Filter>Source Files\Game\Logic</Filter>
    </ClCompile>
    <ClCompile Include="src\protocol\net\PacketManager.cpp">
      <Filter>Source Files\Protocol_Networking\net</Filter>
    </ClCompile>
  </ItemGroup>
  <ItemGroup>
    <None Include=".gitattributes" />
    <None Include=".gitignore" />
    <None Include="LICENSE" />
    <None Include="README.md" />
    <None Include="packages.config" />
    <None Include="Network.cd">
      <Filter>Header Files\Protocol_Networking\net</Filter>
    </None>
  </ItemGroup>
</Project>